dependencies:
- name: cert-manager
  repository: https://charts.jetstack.io
  version: v1.20.0
- name: crucible-infra
  repository: https://helm.cmusei.dev/charts
  version: 0.1.0
digest: sha256:33010533cec5463f4620772042aa1df613a797da58e51ef634ae53fa5783fbfd
generated: "2026-05-08T12:23:52.437149307Z"
