dependencies:
- name: crucible-apps
  repository: https://helm.cmusei.dev/charts
  version: 0.2.2
- name: gitea
  repository: ""
  version: 3.2.8
- name: mkdocs-material
  repository: https://helm.cmusei.dev/charts
  version: 0.2.15
digest: sha256:08002cd76988ca4f0ec29a909174d3e8a043e390aaff566a2acd5f2211d9f1cf
generated: "2026-05-08T17:05:00.836974717Z"
