dependencies:
- name: crucible-apps
  repository: https://helm.cmusei.dev/charts
  version: 0.2.1
- name: gitea
  repository: ""
  version: 3.2.8
- name: mkdocs-material
  repository: https://helm.cmusei.dev/charts
  version: 0.2.15
digest: sha256:d6540de38c406c22b25fcbdaaa9730696e26d22a2ea2ede145bc1bdb394abc26
generated: "2026-05-08T12:23:39.79617041Z"
